
Microsoft Visual Studio Solution File, Format Version 12.00
# Visual Studio Version 17
VisualStudioVersion = 17.2.32630.192
MinimumVisualStudioVersion = 10.0.40219.1
Project("{FAE04EC0-301F-11D3-BF4B-00C04F79EFBC}") = "Hello World", "Hello World\Hello World.csproj", "{BA5556B0-29A6-4603-8A50-9C531DC7497F}"
EndProject
Global
	GlobalSection(SolutionConfigurationPlatforms) = preSolution
		Debug|Any CPU = Debug|Any CPU
		Release|Any CPU = Release|Any CPU
	EndGlobalSection
	GlobalSection(ProjectConfigurationPlatforms) = postSolution
		{BA5556B0-29A6-4603-8A50-9C531DC7497F}.Debug|Any CPU.ActiveCfg = Debug|Any CPU
		{BA5556B0-29A6-4603-8A50-9C531DC7497F}.Debug|Any CPU.Build.0 = Debug|Any CPU
		{BA5556B0-29A6-4603-8A50-9C531DC7497F}.Release|Any CPU.ActiveCfg = Release|Any CPU
		{BA5556B0-29A6-4603-8A50-9C531DC7497F}.Release|Any CPU.Build.0 = Release|Any CPU
	EndGlobalSection
	GlobalSection(SolutionProperties) = preSolution
		HideSolutionNode = FALSE
	EndGlobalSection
	GlobalSection(ExtensibilityGlobals) = postSolution
		SolutionGuid = {E9EEF59D-16BA-4587-9AD1-7FD74C4CE807}
	EndGlobalSection
EndGlobal
